
Microsoft Visual Studio Solution File, Format Version 12.00
# Visual Studio Version 17
VisualStudioVersion = 17.8.34330.188
MinimumVisualStudioVersion = 10.0.40219.1
Project("{FAE04EC0-301F-11D3-BF4B-00C04F79EFBC}") = "MySchool", "MySchool\MySchool.csproj", "{EC75C80A-2847-4CD8-82B5-738E53E08E38}"
EndProject
Global
	GlobalSection(SolutionConfigurationPlatforms) = preSolution
		Debug|Any CPU = Debug|Any CPU
		Release|Any CPU = Release|Any CPU
	EndGlobalSection
	GlobalSection(ProjectConfigurationPlatforms) = postSolution
		{EC75C80A-2847-4CD8-82B5-738E53E08E38}.Debug|Any CPU.ActiveCfg = Debug|Any CPU
		{EC75C80A-2847-4CD8-82B5-738E53E08E38}.Debug|Any CPU.Build.0 = Debug|Any CPU
		{EC75C80A-2847-4CD8-82B5-738E53E08E38}.Release|Any CPU.ActiveCfg = Release|Any CPU
		{EC75C80A-2847-4CD8-82B5-738E53E08E38}.Release|Any CPU.Build.0 = Release|Any CPU
	EndGlobalSection
	GlobalSection(SolutionProperties) = preSolution
		HideSolutionNode = FALSE
	EndGlobalSection
	GlobalSection(ExtensibilityGlobals) = postSolution
		SolutionGuid = {EFE97C26-0858-49B3-955F-449CA4D53BB9}
	EndGlobalSection
EndGlobal
